
Microsoft Visual Studio Solution File, Format Version 12.00
# Visual Studio Version 17
VisualStudioVersion = 17.9.34728.123
MinimumVisualStudioVersion = 10.0.40219.1
Project("{FAE04EC0-301F-11D3-BF4B-00C04F79EFBC}") = "TPFinal", "TPFinal\TPFinal.csproj", "{8B50B2AC-C9B9-493F-B828-A903110A1253}"
EndProject
Project("{FAE04EC0-301F-11D3-BF4B-00C04F79EFBC}") = "dominio", "dominio\dominio.csproj", "{D5530978-A6F5-44B5-8F4B-603C77A8A2DA}"
EndProject
Project("{FAE04EC0-301F-11D3-BF4B-00C04F79EFBC}") = "negocio", "negocio\negocio.csproj", "{10F35A6D-799A-486A-9CE3-80DD6B6B4B21}"
EndProject
Global
	GlobalSection(SolutionConfigurationPlatforms) = preSolution
		Debug|Any CPU = Debug|Any CPU
		Release|Any CPU = Release|Any CPU
	EndGlobalSection
	GlobalSection(ProjectConfigurationPlatforms) = postSolution
		{8B50B2AC-C9B9-493F-B828-A903110A1253}.Debug|Any CPU.ActiveCfg = Debug|Any CPU
		{8B50B2AC-C9B9-493F-B828-A903110A1253}.Debug|Any CPU.Build.0 = Debug|Any CPU
		{8B50B2AC-C9B9-493F-B828-A903110A1253}.Release|Any CPU.ActiveCfg = Release|Any CPU
		{8B50B2AC-C9B9-493F-B828-A903110A1253}.Release|Any CPU.Build.0 = Release|Any CPU
		{D5530978-A6F5-44B5-8F4B-603C77A8A2DA}.Debug|Any CPU.ActiveCfg = Debug|Any CPU
		{D5530978-A6F5-44B5-8F4B-603C77A8A2DA}.Debug|Any CPU.Build.0 = Debug|Any CPU
		{D5530978-A6F5-44B5-8F4B-603C77A8A2DA}.Release|Any CPU.ActiveCfg = Release|Any CPU
		{D5530978-A6F5-44B5-8F4B-603C77A8A2DA}.Release|Any CPU.Build.0 = Release|Any CPU
		{10F35A6D-799A-486A-9CE3-80DD6B6B4B21}.Debug|Any CPU.ActiveCfg = Debug|Any CPU
		{10F35A6D-799A-486A-9CE3-80DD6B6B4B21}.Debug|Any CPU.Build.0 = Debug|Any CPU
		{10F35A6D-799A-486A-9CE3-80DD6B6B4B21}.Release|Any CPU.ActiveCfg = Release|Any CPU
		{10F35A6D-799A-486A-9CE3-80DD6B6B4B21}.Release|Any CPU.Build.0 = Release|Any CPU
	EndGlobalSection
	GlobalSection(SolutionProperties) = preSolution
		HideSolutionNode = FALSE
	EndGlobalSection
	GlobalSection(ExtensibilityGlobals) = postSolution
		SolutionGuid = {1B1A0EAB-4AF9-48FD-95C5-632249630EDC}
	EndGlobalSection
EndGlobal
